// !$*UTF8*$!
{
	archiveVersion = 1;
	classes = {
	};
	objectVersion = 56;
	objects = {

/* Begin PBXBuildFile section */
		74E0FAF0DE7C790F2960CB10 /* Pods_iTunesSearch.framework in Frameworks */ = {isa = PBXBuildFile; fileRef = 04ECACC952399A3A70401306 /* Pods_iTunesSearch.framework */; };
		EE119EC0299B1ACC007E8E17 /* SongView.swift in Sources */ = {isa = PBXBuildFile; fileRef = EE119EBF299B1ACC007E8E17 /* SongView.swift */; };
		EE119EC6299C7A90007E8E17 /* SoundManager.swift in Sources */ = {isa = PBXBuildFile; fileRef = EE119EC5299C7A90007E8E17 /* SoundManager.swift */; };
		EE119EC8299C7AC8007E8E17 /* SoundView.swift in Sources */ = {isa = PBXBuildFile; fileRef = EE119EC7299C7AC8007E8E17 /* SoundView.swift */; };
		EE59ECB62999C4230073203B /* HtmlUrlImageView.swift in Sources */ = {isa = PBXBuildFile; fileRef = EE59ECB52999C4230073203B /* HtmlUrlImageView.swift */; };
		EE59ECB82999D5DD0073203B /* Artist.swift in Sources */ = {isa = PBXBuildFile; fileRef = EE59ECB72999D5DD0073203B /* Artist.swift */; };
		EE59ECBA2999D65C0073203B /* ArtistListViewModel.swift in Sources */ = {isa = PBXBuildFile; fileRef = EE59ECB92999D65C0073203B /* ArtistListViewModel.swift */; };
		EE59ECBC2999D6F30073203B /* SearchArtistView.swift in Sources */ = {isa = PBXBuildFile; fileRef = EE59ECBB2999D6F30073203B /* SearchArtistView.swift */; };
		EE74FB79299735F8002941E6 /* SearchSongView.swift in Sources */ = {isa = PBXBuildFile; fileRef = EE74FB78299735F8002941E6 /* SearchSongView.swift */; };
		EE75EB5E298CA89D003F2E1C /* iTunesSearchApp.swift in Sources */ = {isa = PBXBuildFile; fileRef = EE75EB5D298CA89D003F2E1C /* iTunesSearchApp.swift */; };
		EE75EB60298CA89D003F2E1C /* ContentView.swift in Sources */ = {isa = PBXBuildFile; fileRef = EE75EB5F298CA89D003F2E1C /* ContentView.swift */; };
		EE75EB62298CA89E003F2E1C /* Assets.xcassets in Resources */ = {isa = PBXBuildFile; fileRef = EE75EB61298CA89E003F2E1C /* Assets.xcassets */; };
		EE75EB65298CA89E003F2E1C /* Preview Assets.xcassets in Resources */ = {isa = PBXBuildFile; fileRef = EE75EB64298CA89E003F2E1C /* Preview Assets.xcassets */; };
		EE75EB70298CE3B7003F2E1C /* Song.swift in Sources */ = {isa = PBXBuildFile; fileRef = EE75EB6F298CE3B7003F2E1C /* Song.swift */; };
		EE75EB72298CE544003F2E1C /* SongListViewModel.swift in Sources */ = {isa = PBXBuildFile; fileRef = EE75EB71298CE544003F2E1C /* SongListViewModel.swift */; };
		EE75EB74298CEA02003F2E1C /* SearchListView.swift in Sources */ = {isa = PBXBuildFile; fileRef = EE75EB73298CEA02003F2E1C /* SearchListView.swift */; };
		EE83F5C829A459BE00C1467F /* ArtistDetailViewModel.swift in Sources */ = {isa = PBXBuildFile; fileRef = EE83F5C729A459BE00C1467F /* ArtistDetailViewModel.swift */; };
		EE83F5CA29A462DA00C1467F /* ArtistAlbumLookup.swift in Sources */ = {isa = PBXBuildFile; fileRef = EE83F5C929A462DA00C1467F /* ArtistAlbumLookup.swift */; };
		EE83F5CC29A46AB800C1467F /* ArtistView.swift in Sources */ = {isa = PBXBuildFile; fileRef = EE83F5CB29A46AB800C1467F /* ArtistView.swift */; };
		EE83F5D029A4B63F00C1467F /* AlbumSongLookup.swift in Sources */ = {isa = PBXBuildFile; fileRef = EE83F5CF29A4B63F00C1467F /* AlbumSongLookup.swift */; };
		EE83F5D229A4C3AA00C1467F /* AlbumDetailViewModel.swift in Sources */ = {isa = PBXBuildFile; fileRef = EE83F5D129A4C3AA00C1467F /* AlbumDetailViewModel.swift */; };
		EE83F5D429A4C47800C1467F /* AlbumView.swift in Sources */ = {isa = PBXBuildFile; fileRef = EE83F5D329A4C47800C1467F /* AlbumView.swift */; };
		EEB971652998E6B000AD83BB /* Album.swift in Sources */ = {isa = PBXBuildFile; fileRef = EEB971642998E6B000AD83BB /* Album.swift */; };
		EEB971672998E6ED00AD83BB /* AlbumListViewModel.swift in Sources */ = {isa = PBXBuildFile; fileRef = EEB971662998E6ED00AD83BB /* AlbumListViewModel.swift */; };
		EEB9716B2998E8A800AD83BB /* SearchAlbumView.swift in Sources */ = {isa = PBXBuildFile; fileRef = EEB9716A2998E8A800AD83BB /* SearchAlbumView.swift */; };
		EEC51AF129A1B13E00719FAF /* SafariView.swift in Sources */ = {isa = PBXBuildFile; fileRef = EEC51AF029A1B13E00719FAF /* SafariView.swift */; };
		EEC96BE1298E91AD00B1014A /* UrlImageView.swift in Sources */ = {isa = PBXBuildFile; fileRef = EEC96BE0298E91AD00B1014A /* UrlImageView.swift */; };
/* End PBXBuildFile section */

/* Begin PBXFileReference section */
		04ECACC952399A3A70401306 /* Pods_iTunesSearch.framework */ = {isa = PBXFileReference; explicitFileType = wrapper.framework; includeInIndex = 0; path = Pods_iTunesSearch.framework; sourceTree = BUILT_PRODUCTS_DIR; };
		645B803CDE155DBF1F5F4706 /* Pods-iTunesSearch.release.xcconfig */ = {isa = PBXFileReference; includeInIndex = 1; lastKnownFileType = text.xcconfig; name = "Pods-iTunesSearch.release.xcconfig"; path = "Target Support Files/Pods-iTunesSearch/Pods-iTunesSearch.release.xcconfig"; sourceTree = "<group>"; };
		97C671E423BF9E0005F28F66 /* Pods-iTunesSearch.debug.xcconfig */ = {isa = PBXFileReference; includeInIndex = 1; lastKnownFileType = text.xcconfig; name = "Pods-iTunesSearch.debug.xcconfig"; path = "Target Support Files/Pods-iTunesSearch/Pods-iTunesSearch.debug.xcconfig"; sourceTree = "<group>"; };
		EE119EBF299B1ACC007E8E17 /* SongView.swift */ = {isa = PBXFileReference; lastKnownFileType = sourcecode.swift; path = SongView.swift; sourceTree = "<group>"; };
		EE119EC5299C7A90007E8E17 /* SoundManager.swift */ = {isa = PBXFileReference; lastKnownFileType = sourcecode.swift; path = SoundManager.swift; sourceTree = "<group>"; };
		EE119EC7299C7AC8007E8E17 /* SoundView.swift */ = {isa = PBXFileReference; lastKnownFileType = sourcecode.swift; path = SoundView.swift; sourceTree = "<group>"; };
		EE59ECB52999C4230073203B /* HtmlUrlImageView.swift */ = {isa = PBXFileReference; lastKnownFileType = sourcecode.swift; path = HtmlUrlImageView.swift; sourceTree = "<group>"; };
		EE59ECB72999D5DD0073203B /* Artist.swift */ = {isa = PBXFileReference; lastKnownFileType = sourcecode.swift; path = Artist.swift; sourceTree = "<group>"; };
		EE59ECB92999D65C0073203B /* ArtistListViewModel.swift */ = {isa = PBXFileReference; lastKnownFileType = sourcecode.swift; path = ArtistListViewModel.swift; sourceTree = "<group>"; };
		EE59ECBB2999D6F30073203B /* SearchArtistView.swift */ = {isa = PBXFileReference; lastKnownFileType = sourcecode.swift; path = SearchArtistView.swift; sourceTree = "<group>"; };
		EE74FB78299735F8002941E6 /* SearchSongView.swift */ = {isa = PBXFileReference; lastKnownFileType = sourcecode.swift; path = SearchSongView.swift; sourceTree = "<group>"; };
		EE75EB5A298CA89D003F2E1C /* iTunesSearch.app */ = {isa = PBXFileReference; explicitFileType = wrapper.application; includeInIndex = 0; path = iTunesSearch.app; sourceTree = BUILT_PRODUCTS_DIR; };
		EE75EB5D298CA89D003F2E1C /* iTunesSearchApp.swift */ = {isa = PBXFileReference; lastKnownFileType = sourcecode.swift; path = iTunesSearchApp.swift; sourceTree = "<group>"; };
		EE75EB5F298CA89D003F2E1C /* ContentView.swift */ = {isa = PBXFileReference; lastKnownFileType = sourcecode.swift; path = ContentView.swift; sourceTree = "<group>"; };
		EE75EB61298CA89E003F2E1C /* Assets.xcassets */ = {isa = PBXFileReference; lastKnownFileType = folder.assetcatalog; path = Assets.xcassets; sourceTree = "<group>"; };
		EE75EB64298CA89E003F2E1C /* Preview Assets.xcassets */ = {isa = PBXFileReference; lastKnownFileType = folder.assetcatalog; path = "Preview Assets.xcassets"; sourceTree = "<group>"; };
		EE75EB6F298CE3B7003F2E1C /* Song.swift */ = {isa = PBXFileReference; lastKnownFileType = sourcecode.swift; path = Song.swift; sourceTree = "<group>"; };
		EE75EB71298CE544003F2E1C /* SongListViewModel.swift */ = {isa = PBXFileReference; lastKnownFileType = sourcecode.swift; path = SongListViewModel.swift; sourceTree = "<group>"; };
		EE75EB73298CEA02003F2E1C /* SearchListView.swift */ = {isa = PBXFileReference; lastKnownFileType = sourcecode.swift; path = SearchListView.swift; sourceTree = "<group>"; };
		EE83F5C729A459BE00C1467F /* ArtistDetailViewModel.swift */ = {isa = PBXFileReference; lastKnownFileType = sourcecode.swift; path = ArtistDetailViewModel.swift; sourceTree = "<group>"; };
		EE83F5C929A462DA00C1467F /* ArtistAlbumLookup.swift */ = {isa = PBXFileReference; lastKnownFileType = sourcecode.swift; path = ArtistAlbumLookup.swift; sourceTree = "<group>"; };
		EE83F5CB29A46AB800C1467F /* ArtistView.swift */ = {isa = PBXFileReference; lastKnownFileType = sourcecode.swift; path = ArtistView.swift; sourceTree = "<group>"; };
		EE83F5CF29A4B63F00C1467F /* AlbumSongLookup.swift */ = {isa = PBXFileReference; lastKnownFileType = sourcecode.swift; path = AlbumSongLookup.swift; sourceTree = "<group>"; };
		EE83F5D129A4C3AA00C1467F /* AlbumDetailViewModel.swift */ = {isa = PBXFileReference; lastKnownFileType = sourcecode.swift; path = AlbumDetailViewModel.swift; sourceTree = "<group>"; };
		EE83F5D329A4C47800C1467F /* AlbumView.swift */ = {isa = PBXFileReference; lastKnownFileType = sourcecode.swift; path = AlbumView.swift; sourceTree = "<group>"; };
		EEB971642998E6B000AD83BB /* Album.swift */ = {isa = PBXFileReference; lastKnownFileType = sourcecode.swift; path = Album.swift; sourceTree = "<group>"; };
		EEB971662998E6ED00AD83BB /* AlbumListViewModel.swift */ = {isa = PBXFileReference; lastKnownFileType = sourcecode.swift; path = AlbumListViewModel.swift; sourceTree = "<group>"; };
		EEB9716A2998E8A800AD83BB /* SearchAlbumView.swift */ = {isa = PBXFileReference; lastKnownFileType = sourcecode.swift; path = SearchAlbumView.swift; sourceTree = "<group>"; };
		EEC51AF029A1B13E00719FAF /* SafariView.swift */ = {isa = PBXFileReference; lastKnownFileType = sourcecode.swift; path = SafariView.swift; sourceTree = "<group>"; };
		EEC96BDF298E08C500B1014A /* README.md */ = {isa = PBXFileReference; lastKnownFileType = net.daringfireball.markdown; path = README.md; sourceTree = "<group>"; };
		EEC96BE0298E91AD00B1014A /* UrlImageView.swift */ = {isa = PBXFileReference; lastKnownFileType = sourcecode.swift; path = UrlImageView.swift; sourceTree = "<group>"; };
/* End PBXFileReference section */

/* Begin PBXFrameworksBuildPhase section */
		EE75EB57298CA89D003F2E1C /* Frameworks */ = {
			isa = PBXFrameworksBuildPhase;
			buildActionMask = 2147483647;
			files = (
				74E0FAF0DE7C790F2960CB10 /* Pods_iTunesSearch.framework in Frameworks */,
			);
			runOnlyForDeploymentPostprocessing = 0;
		};
/* End PBXFrameworksBuildPhase section */

/* Begin PBXGroup section */
		261FF7B801CBEA9D8585FABA /* Pods */ = {
			isa = PBXGroup;
			children = (
				97C671E423BF9E0005F28F66 /* Pods-iTunesSearch.debug.xcconfig */,
				645B803CDE155DBF1F5F4706 /* Pods-iTunesSearch.release.xcconfig */,
			);
			path = Pods;
			sourceTree = "<group>";
		};
		E5F6BB286C7ACD7A1E600B33 /* Frameworks */ = {
			isa = PBXGroup;
			children = (
				04ECACC952399A3A70401306 /* Pods_iTunesSearch.framework */,
			);
			name = Frameworks;
			sourceTree = "<group>";
		};
		EE75EB51298CA89D003F2E1C = {
			isa = PBXGroup;
			children = (
				EEC96BDF298E08C500B1014A /* README.md */,
				EE75EB5C298CA89D003F2E1C /* iTunesSearch */,
				EE75EB5B298CA89D003F2E1C /* Products */,
				261FF7B801CBEA9D8585FABA /* Pods */,
				E5F6BB286C7ACD7A1E600B33 /* Frameworks */,
			);
			sourceTree = "<group>";
		};
		EE75EB5B298CA89D003F2E1C /* Products */ = {
			isa = PBXGroup;
			children = (
				EE75EB5A298CA89D003F2E1C /* iTunesSearch.app */,
			);
			name = Products;
			sourceTree = "<group>";
		};
		EE75EB5C298CA89D003F2E1C /* iTunesSearch */ = {
			isa = PBXGroup;
			children = (
				EE75EB6E298CCD93003F2E1C /* DataModel */,
				EE75EB6C298CCD33003F2E1C /* ViewModel */,
				EE75EB6B298CCD22003F2E1C /* View */,
				EE75EB5D298CA89D003F2E1C /* iTunesSearchApp.swift */,
				EE75EB5F298CA89D003F2E1C /* ContentView.swift */,
				EE75EB61298CA89E003F2E1C /* Assets.xcassets */,
				EE75EB63298CA89E003F2E1C /* Preview Content */,
			);
			path = iTunesSearch;
			sourceTree = "<group>";
		};
		EE75EB63298CA89E003F2E1C /* Preview Content */ = {
			isa = PBXGroup;
			children = (
				EE75EB64298CA89E003F2E1C /* Preview Assets.xcassets */,
			);
			path = "Preview Content";
			sourceTree = "<group>";
		};
		EE75EB6B298CCD22003F2E1C /* View */ = {
			isa = PBXGroup;
			children = (
				EEC51AF329A1B95500719FAF /* SongDetail */,
				EEC51AF229A1B93400719FAF /* Search */,
				EEC51AF429A1B96F00719FAF /* Unit */,
				EE83F5CB29A46AB800C1467F /* ArtistView.swift */,
				EE83F5D329A4C47800C1467F /* AlbumView.swift */,
			);
			path = View;
			sourceTree = "<group>";
		};
		EE75EB6C298CCD33003F2E1C /* ViewModel */ = {
			isa = PBXGroup;
			children = (
				EE75EB71298CE544003F2E1C /* SongListViewModel.swift */,
				EEB971662998E6ED00AD83BB /* AlbumListViewModel.swift */,
				EE59ECB92999D65C0073203B /* ArtistListViewModel.swift */,
				EE119EC5299C7A90007E8E17 /* SoundManager.swift */,
				EE83F5C729A459BE00C1467F /* ArtistDetailViewModel.swift */,
				EE83F5D129A4C3AA00C1467F /* AlbumDetailViewModel.swift */,
			);
			path = ViewModel;
			sourceTree = "<group>";
		};
		EE75EB6E298CCD93003F2E1C /* DataModel */ = {
			isa = PBXGroup;
			children = (
				EE75EB6F298CE3B7003F2E1C /* Song.swift */,
				EEB971642998E6B000AD83BB /* Album.swift */,
				EE59ECB72999D5DD0073203B /* Artist.swift */,
				EE83F5C929A462DA00C1467F /* ArtistAlbumLookup.swift */,
				EE83F5CF29A4B63F00C1467F /* AlbumSongLookup.swift */,
			);
			path = DataModel;
			sourceTree = "<group>";
		};
		EEC51AF229A1B93400719FAF /* Search */ = {
			isa = PBXGroup;
			children = (
				EE75EB73298CEA02003F2E1C /* SearchListView.swift */,
				EE74FB78299735F8002941E6 /* SearchSongView.swift */,
				EEB9716A2998E8A800AD83BB /* SearchAlbumView.swift */,
				EE59ECBB2999D6F30073203B /* SearchArtistView.swift */,
			);
			path = Search;
			sourceTree = "<group>";
		};
		EEC51AF329A1B95500719FAF /* SongDetail */ = {
			isa = PBXGroup;
			children = (
				EE119EBF299B1ACC007E8E17 /* SongView.swift */,
			);
			path = SongDetail;
			sourceTree = "<group>";
		};
		EEC51AF429A1B96F00719FAF /* Unit */ = {
			isa = PBXGroup;
			children = (
				EEC96BE0298E91AD00B1014A /* UrlImageView.swift */,
				EE59ECB52999C4230073203B /* HtmlUrlImageView.swift */,
				EE119EC7299C7AC8007E8E17 /* SoundView.swift */,
				EEC51AF029A1B13E00719FAF /* SafariView.swift */,
			);
			path = Unit;
			sourceTree = "<group>";
		};
/* End PBXGroup section */

/* Begin PBXNativeTarget section */
		EE75EB59298CA89D003F2E1C /* iTunesSearch */ = {
			isa = PBXNativeTarget;
			buildConfigurationList = EE75EB68298CA89E003F2E1C /* Build configuration list for PBXNativeTarget "iTunesSearch" */;
			buildPhases = (
				D4C340673EC3779FFC244637 /* [CP] Check Pods Manifest.lock */,
				EE75EB56298CA89D003F2E1C /* Sources */,
				EE75EB57298CA89D003F2E1C /* Frameworks */,
				EE75EB58298CA89D003F2E1C /* Resources */,
				56CABF0F349A52FB6A5FA8A2 /* [CP] Embed Pods Frameworks */,
			);
			buildRules = (
			);
			dependencies = (
			);
			name = iTunesSearch;
			productName = iTunesSearch;
			productReference = EE75EB5A298CA89D003F2E1C /* iTunesSearch.app */;
			productType = "com.apple.product-type.application";
		};
/* End PBXNativeTarget section */

/* Begin PBXProject section */
		EE75EB52298CA89D003F2E1C /* Project object */ = {
			isa = PBXProject;
			attributes = {
				BuildIndependentTargetsInParallel = 1;
				LastSwiftUpdateCheck = 1420;
				LastUpgradeCheck = 1420;
				TargetAttributes = {
					EE75EB59298CA89D003F2E1C = {
						CreatedOnToolsVersion = 14.2;
					};
				};
			};
			buildConfigurationList = EE75EB55298CA89D003F2E1C /* Build configuration list for PBXProject "iTunesSearch" */;
			compatibilityVersion = "Xcode 14.0";
			developmentRegion = en;
			hasScannedForEncodings = 0;
			knownRegions = (
				en,
				Base,
			);
			mainGroup = EE75EB51298CA89D003F2E1C;
			productRefGroup = EE75EB5B298CA89D003F2E1C /* Products */;
			projectDirPath = "";
			projectRoot = "";
			targets = (
				EE75EB59298CA89D003F2E1C /* iTunesSearch */,
			);
		};
/* End PBXProject section */

/* Begin PBXResourcesBuildPhase section */
		EE75EB58298CA89D003F2E1C /* Resources */ = {
			isa = PBXResourcesBuildPhase;
			buildActionMask = 2147483647;
			files = (
				EE75EB65298CA89E003F2E1C /* Preview Assets.xcassets in Resources */,
				EE75EB62298CA89E003F2E1C /* Assets.xcassets in Resources */,
			);
			runOnlyForDeploymentPostprocessing = 0;
		};
/* End PBXResourcesBuildPhase section */

/* Begin PBXShellScriptBuildPhase section */
		56CABF0F349A52FB6A5FA8A2 /* [CP] Embed Pods Frameworks */ = {
			isa = PBXShellScriptBuildPhase;
			buildActionMask = 2147483647;
			files = (
			);
			inputFileListPaths = (
				"${PODS_ROOT}/Target Support Files/Pods-iTunesSearch/Pods-iTunesSearch-frameworks-${CONFIGURATION}-input-files.xcfilelist",
			);
			name = "[CP] Embed Pods Frameworks";
			outputFileListPaths = (
				"${PODS_ROOT}/Target Support Files/Pods-iTunesSearch/Pods-iTunesSearch-frameworks-${CONFIGURATION}-output-files.xcfilelist",
			);
			runOnlyForDeploymentPostprocessing = 0;
			shellPath = /bin/sh;
			shellScript = "\"${PODS_ROOT}/Target Support Files/Pods-iTunesSearch/Pods-iTunesSearch-frameworks.sh\"\n";
			showEnvVarsInLog = 0;
		};
		D4C340673EC3779FFC244637 /* [CP] Check Pods Manifest.lock */ = {
			isa = PBXShellScriptBuildPhase;
			buildActionMask = 2147483647;
			files = (
			);
			inputFileListPaths = (
			);
			inputPaths = (
				"${PODS_PODFILE_DIR_PATH}/Podfile.lock",
				"${PODS_ROOT}/Manifest.lock",
			);
			name = "[CP] Check Pods Manifest.lock";
			outputFileListPaths = (
			);
			outputPaths = (
				"$(DERIVED_FILE_DIR)/Pods-iTunesSearch-checkManifestLockResult.txt",
			);
			runOnlyForDeploymentPostprocessing = 0;
			shellPath = /bin/sh;
			shellScript = "diff \"${PODS_PODFILE_DIR_PATH}/Podfile.lock\" \"${PODS_ROOT}/Manifest.lock\" > /dev/null\nif [ $? != 0 ] ; then\n    # print error to STDERR\n    echo \"error: The sandbox is not in sync with the Podfile.lock. Run 'pod install' or update your CocoaPods installation.\" >&2\n    exit 1\nfi\n# This output is used by Xcode 'outputs' to avoid re-running this script phase.\necho \"SUCCESS\" > \"${SCRIPT_OUTPUT_FILE_0}\"\n";
			showEnvVarsInLog = 0;
		};
/* End PBXShellScriptBuildPhase section */

/* Begin PBXSourcesBuildPhase section */
		EE75EB56298CA89D003F2E1C /* Sources */ = {
			isa = PBXSourcesBuildPhase;
			buildActionMask = 2147483647;
			files = (
				EE83F5CA29A462DA00C1467F /* ArtistAlbumLookup.swift in Sources */,
				EE75EB72298CE544003F2E1C /* SongListViewModel.swift in Sources */,
				EE75EB70298CE3B7003F2E1C /* Song.swift in Sources */,
				EE83F5D229A4C3AA00C1467F /* AlbumDetailViewModel.swift in Sources */,
				EE59ECB62999C4230073203B /* HtmlUrlImageView.swift in Sources */,
				EEB971672998E6ED00AD83BB /* AlbumListViewModel.swift in Sources */,
				EE83F5D429A4C47800C1467F /* AlbumView.swift in Sources */,
				EEC96BE1298E91AD00B1014A /* UrlImageView.swift in Sources */,
				EE83F5D029A4B63F00C1467F /* AlbumSongLookup.swift in Sources */,
				EE83F5C829A459BE00C1467F /* ArtistDetailViewModel.swift in Sources */,
				EEB9716B2998E8A800AD83BB /* SearchAlbumView.swift in Sources */,
				EE59ECB82999D5DD0073203B /* Artist.swift in Sources */,
				EE75EB60298CA89D003F2E1C /* ContentView.swift in Sources */,
				EE75EB5E298CA89D003F2E1C /* iTunesSearchApp.swift in Sources */,
				EE59ECBC2999D6F30073203B /* SearchArtistView.swift in Sources */,
				EEC51AF129A1B13E00719FAF /* SafariView.swift in Sources */,
				EE75EB74298CEA02003F2E1C /* SearchListView.swift in Sources */,
				EE59ECBA2999D65C0073203B /* ArtistListViewModel.swift in Sources */,
				EE83F5CC29A46AB800C1467F /* ArtistView.swift in Sources */,
				EE119EC0299B1ACC007E8E17 /* SongView.swift in Sources */,
				EE119EC8299C7AC8007E8E17 /* SoundView.swift in Sources */,
				EE74FB79299735F8002941E6 /* SearchSongView.swift in Sources */,
				EEB971652998E6B000AD83BB /* Album.swift in Sources */,
				EE119EC6299C7A90007E8E17 /* SoundManager.swift in Sources */,
			);
			runOnlyForDeploymentPostprocessing = 0;
		};
/* End PBXSourcesBuildPhase section */

/* Begin XCBuildConfiguration section */
		EE75EB66298CA89E003F2E1C /* Debug */ = {
			isa = XCBuildConfiguration;
			buildSettings = {
				ALWAYS_SEARCH_USER_PATHS = NO;
				CLANG_ANALYZER_NONNULL = YES;
				CLANG_ANALYZER_NUMBER_OBJECT_CONVERSION = YES_AGGRESSIVE;
				CLANG_CXX_LANGUAGE_STANDARD = "gnu++20";
				CLANG_ENABLE_MODULES = YES;
				CLANG_ENABLE_OBJC_ARC = YES;
				CLANG_ENABLE_OBJC_WEAK = YES;
				CLANG_WARN_BLOCK_CAPTURE_AUTORELEASING = YES;
				CLANG_WARN_BOOL_CONVERSION = YES;
				CLANG_WARN_COMMA = YES;
				CLANG_WARN_CONSTANT_CONVERSION = YES;
				CLANG_WARN_DEPRECATED_OBJC_IMPLEMENTATIONS = YES;
				CLANG_WARN_DIRECT_OBJC_ISA_USAGE = YES_ERROR;
				CLANG_WARN_DOCUMENTATION_COMMENTS = YES;
				CLANG_WARN_EMPTY_BODY = YES;
				CLANG_WARN_ENUM_CONVERSION = YES;
				CLANG_WARN_INFINITE_RECURSION = YES;
				CLANG_WARN_INT_CONVERSION = YES;
				CLANG_WARN_NON_LITERAL_NULL_CONVERSION = YES;
				CLANG_WARN_OBJC_IMPLICIT_RETAIN_SELF = YES;
				CLANG_WARN_OBJC_LITERAL_CONVERSION = YES;
				CLANG_WARN_OBJC_ROOT_CLASS = YES_ERROR;
				CLANG_WARN_QUOTED_INCLUDE_IN_FRAMEWORK_HEADER = YES;
				CLANG_WARN_RANGE_LOOP_ANALYSIS = YES;
				CLANG_WARN_STRICT_PROTOTYPES = YES;
				CLANG_WARN_SUSPICIOUS_MOVE = YES;
				CLANG_WARN_UNGUARDED_AVAILABILITY = YES_AGGRESSIVE;
				CLANG_WARN_UNREACHABLE_CODE = YES;
				CLANG_WARN__DUPLICATE_METHOD_MATCH = YES;
				COPY_PHASE_STRIP = NO;
				DEBUG_INFORMATION_FORMAT = dwarf;
				ENABLE_STRICT_OBJC_MSGSEND = YES;
				ENABLE_TESTABILITY = YES;
				GCC_C_LANGUAGE_STANDARD = gnu11;
				GCC_DYNAMIC_NO_PIC = NO;
				GCC_NO_COMMON_BLOCKS = YES;
				GCC_OPTIMIZATION_LEVEL = 0;
				GCC_PREPROCESSOR_DEFINITIONS = (
					"DEBUG=1",
					"$(inherited)",
				);
				GCC_WARN_64_TO_32_BIT_CONVERSION = YES;
				GCC_WARN_ABOUT_RETURN_TYPE = YES_ERROR;
				GCC_WARN_UNDECLARED_SELECTOR = YES;
				GCC_WARN_UNINITIALIZED_AUTOS = YES_AGGRESSIVE;
				GCC_WARN_UNUSED_FUNCTION = YES;
				GCC_WARN_UNUSED_VARIABLE = YES;
				IPHONEOS_DEPLOYMENT_TARGET = 16.2;
				MTL_ENABLE_DEBUG_INFO = INCLUDE_SOURCE;
				MTL_FAST_MATH = YES;
				ONLY_ACTIVE_ARCH = YES;
				SDKROOT = iphoneos;
				SWIFT_ACTIVE_COMPILATION_CONDITIONS = DEBUG;
				SWIFT_OPTIMIZATION_LEVEL = "-Onone";
			};
			name = Debug;
		};
		EE75EB67298CA89E003F2E1C /* Release */ = {
			isa = XCBuildConfiguration;
			buildSettings = {
				ALWAYS_SEARCH_USER_PATHS = NO;
				CLANG_ANALYZER_NONNULL = YES;
				CLANG_ANALYZER_NUMBER_OBJECT_CONVERSION = YES_AGGRESSIVE;
				CLANG_CXX_LANGUAGE_STANDARD = "gnu++20";
				CLANG_ENABLE_MODULES = YES;
				CLANG_ENABLE_OBJC_ARC = YES;
				CLANG_ENABLE_OBJC_WEAK = YES;
				CLANG_WARN_BLOCK_CAPTURE_AUTORELEASING = YES;
				CLANG_WARN_BOOL_CONVERSION = YES;
				CLANG_WARN_COMMA = YES;
				CLANG_WARN_CONSTANT_CONVERSION = YES;
				CLANG_WARN_DEPRECATED_OBJC_IMPLEMENTATIONS = YES;
				CLANG_WARN_DIRECT_OBJC_ISA_USAGE = YES_ERROR;
				CLANG_WARN_DOCUMENTATION_COMMENTS = YES;
				CLANG_WARN_EMPTY_BODY = YES;
				CLANG_WARN_ENUM_CONVERSION = YES;
				CLANG_WARN_INFINITE_RECURSION = YES;
				CLANG_WARN_INT_CONVERSION = YES;
				CLANG_WARN_NON_LITERAL_NULL_CONVERSION = YES;
				CLANG_WARN_OBJC_IMPLICIT_RETAIN_SELF = YES;
				CLANG_WARN_OBJC_LITERAL_CONVERSION = YES;
				CLANG_WARN_OBJC_ROOT_CLASS = YES_ERROR;
				CLANG_WARN_QUOTED_INCLUDE_IN_FRAMEWORK_HEADER = YES;
				CLANG_WARN_RANGE_LOOP_ANALYSIS = YES;
				CLANG_WARN_STRICT_PROTOTYPES = YES;
				CLANG_WARN_SUSPICIOUS_MOVE = YES;
				CLANG_WARN_UNGUARDED_AVAILABILITY = YES_AGGRESSIVE;
				CLANG_WARN_UNREACHABLE_CODE = YES;
				CLANG_WARN__DUPLICATE_METHOD_MATCH = YES;
				COPY_PHASE_STRIP = NO;
				DEBUG_INFORMATION_FORMAT = "dwarf-with-dsym";
				ENABLE_NS_ASSERTIONS = NO;
				ENABLE_STRICT_OBJC_MSGSEND = YES;
				GCC_C_LANGUAGE_STANDARD = gnu11;
				GCC_NO_COMMON_BLOCKS = YES;
				GCC_WARN_64_TO_32_BIT_CONVERSION = YES;
				GCC_WARN_ABOUT_RETURN_TYPE = YES_ERROR;
				GCC_WARN_UNDECLARED_SELECTOR = YES;
				GCC_WARN_UNINITIALIZED_AUTOS = YES_AGGRESSIVE;
				GCC_WARN_UNUSED_FUNCTION = YES;
				GCC_WARN_UNUSED_VARIABLE = YES;
				IPHONEOS_DEPLOYMENT_TARGET = 16.2;
				MTL_ENABLE_DEBUG_INFO = NO;
				MTL_FAST_MATH = YES;
				SDKROOT = iphoneos;
				SWIFT_COMPILATION_MODE = wholemodule;
				SWIFT_OPTIMIZATION_LEVEL = "-O";
				VALIDATE_PRODUCT = YES;
			};
			name = Release;
		};
		EE75EB69298CA89E003F2E1C /* Debug */ = {
			isa = XCBuildConfiguration;
			baseConfigurationReference = 97C671E423BF9E0005F28F66 /* Pods-iTunesSearch.debug.xcconfig */;
			buildSettings = {
				ASSETCATALOG_COMPILER_APPICON_NAME = AppIcon;
				ASSETCATALOG_COMPILER_GLOBAL_ACCENT_COLOR_NAME = AccentColor;
				CODE_SIGN_STYLE = Automatic;
				CURRENT_PROJECT_VERSION = 1;
				DEVELOPMENT_ASSET_PATHS = "\"iTunesSearch/Preview Content\"";
				DEVELOPMENT_TEAM = P56QEL6RHH;
				ENABLE_PREVIEWS = YES;
				GENERATE_INFOPLIST_FILE = YES;
				INFOPLIST_KEY_UIApplicationSceneManifest_Generation = YES;
				INFOPLIST_KEY_UIApplicationSupportsIndirectInputEvents = YES;
				INFOPLIST_KEY_UILaunchScreen_Generation = YES;
				INFOPLIST_KEY_UISupportedInterfaceOrientations_iPad = "UIInterfaceOrientationPortrait UIInterfaceOrientationPortraitUpsideDown UIInterfaceOrientationLandscapeLeft UIInterfaceOrientationLandscapeRight";
				INFOPLIST_KEY_UISupportedInterfaceOrientations_iPhone = "UIInterfaceOrientationPortrait UIInterfaceOrientationLandscapeLeft UIInterfaceOrientationLandscapeRight";
				IPHONEOS_DEPLOYMENT_TARGET = 16.0;
				LD_RUNPATH_SEARCH_PATHS = (
					"$(inherited)",
					"@executable_path/Frameworks",
				);
				MARKETING_VERSION = 1.0;
				PRODUCT_BUNDLE_IDENTIFIER = tw.0u0.iTunesSearch;
				PRODUCT_NAME = "$(TARGET_NAME)";
				SWIFT_EMIT_LOC_STRINGS = YES;
				SWIFT_VERSION = 5.0;
				TARGETED_DEVICE_FAMILY = "1,2";
			};
			name = Debug;
		};
		EE75EB6A298CA89E003F2E1C /* Release */ = {
			isa = XCBuildConfiguration;
			baseConfigurationReference = 645B803CDE155DBF1F5F4706 /* Pods-iTunesSearch.release.xcconfig */;
			buildSettings = {
				ASSETCATALOG_COMPILER_APPICON_NAME = AppIcon;
				ASSETCATALOG_COMPILER_GLOBAL_ACCENT_COLOR_NAME = AccentColor;
				CODE_SIGN_STYLE = Automatic;
				CURRENT_PROJECT_VERSION = 1;
				DEVELOPMENT_ASSET_PATHS = "\"iTunesSearch/Preview Content\"";
				DEVELOPMENT_TEAM = P56QEL6RHH;
				ENABLE_PREVIEWS = YES;
				GENERATE_INFOPLIST_FILE = YES;
				INFOPLIST_KEY_UIApplicationSceneManifest_Generation = YES;
				INFOPLIST_KEY_UIApplicationSupportsIndirectInputEvents = YES;
				INFOPLIST_KEY_UILaunchScreen_Generation = YES;
				INFOPLIST_KEY_UISupportedInterfaceOrientations_iPad = "UIInterfaceOrientationPortrait UIInterfaceOrientationPortraitUpsideDown UIInterfaceOrientationLandscapeLeft UIInterfaceOrientationLandscapeRight";
				INFOPLIST_KEY_UISupportedInterfaceOrientations_iPhone = "UIInterfaceOrientationPortrait UIInterfaceOrientationLandscapeLeft UIInterfaceOrientationLandscapeRight";
				IPHONEOS_DEPLOYMENT_TARGET = 16.0;
				LD_RUNPATH_SEARCH_PATHS = (
					"$(inherited)",
					"@executable_path/Frameworks",
				);
				MARKETING_VERSION = 1.0;
				PRODUCT_BUNDLE_IDENTIFIER = tw.0u0.iTunesSearch;
				PRODUCT_NAME = "$(TARGET_NAME)";
				SWIFT_EMIT_LOC_STRINGS = YES;
				SWIFT_VERSION = 5.0;
				TARGETED_DEVICE_FAMILY = "1,2";
			};
			name = Release;
		};
/* End XCBuildConfiguration section */

/* Begin XCConfigurationList section */
		EE75EB55298CA89D003F2E1C /* Build configuration list for PBXProject "iTunesSearch" */ = {
			isa = XCConfigurationList;
			buildConfigurations = (
				EE75EB66298CA89E003F2E1C /* Debug */,
				EE75EB67298CA89E003F2E1C /* Release */,
			);
			defaultConfigurationIsVisible = 0;
			defaultConfigurationName = Release;
		};
		EE75EB68298CA89E003F2E1C /* Build configuration list for PBXNativeTarget "iTunesSearch" */ = {
			isa = XCConfigurationList;
			buildConfigurations = (
				EE75EB69298CA89E003F2E1C /* Debug */,
				EE75EB6A298CA89E003F2E1C /* Release */,
			);
			defaultConfigurationIsVisible = 0;
			defaultConfigurationName = Release;
		};
/* End XCConfigurationList section */
	};
	rootObject = EE75EB52298CA89D003F2E1C /* Project object */;
}
